
Microsoft Visual Studio Solution File, Format Version 12.00
Project("{FAE04EC0-301F-11D3-BF4B-00C04F79EFBC}") = "StreamIt", "StreamIt\StreamIt.csproj", "{3AC83BDB-53F4-45C4-955F-0EB11505E462}"
EndProject
Project("{FAE04EC0-301F-11D3-BF4B-00C04F79EFBC}") = "Sample", "..\StreamItSample\Sample\Sample.csproj", "{D89650D7-A73E-49C9-BA13-8100A99374BF}"
EndProject
Global
	GlobalSection(SolutionConfigurationPlatforms) = preSolution
		Debug|Any CPU = Debug|Any CPU
		Release|Any CPU = Release|Any CPU
	EndGlobalSection
	GlobalSection(ProjectConfigurationPlatforms) = postSolution
		{3AC83BDB-53F4-45C4-955F-0EB11505E462}.Debug|Any CPU.ActiveCfg = Debug|Any CPU
		{3AC83BDB-53F4-45C4-955F-0EB11505E462}.Debug|Any CPU.Build.0 = Debug|Any CPU
		{3AC83BDB-53F4-45C4-955F-0EB11505E462}.Release|Any CPU.ActiveCfg = Release|Any CPU
		{3AC83BDB-53F4-45C4-955F-0EB11505E462}.Release|Any CPU.Build.0 = Release|Any CPU
		{D89650D7-A73E-49C9-BA13-8100A99374BF}.Debug|Any CPU.ActiveCfg = Debug|Any CPU
		{D89650D7-A73E-49C9-BA13-8100A99374BF}.Debug|Any CPU.Build.0 = Debug|Any CPU
		{D89650D7-A73E-49C9-BA13-8100A99374BF}.Release|Any CPU.ActiveCfg = Release|Any CPU
		{D89650D7-A73E-49C9-BA13-8100A99374BF}.Release|Any CPU.Build.0 = Release|Any CPU
	EndGlobalSection
EndGlobal
